// !$*UTF8*$!
{
	archiveVersion = 1;
	classes = {
	};
	objectVersion = 46;
	objects = {

/* Begin PBXBuildFile section */
		03A5584D37D17CE6DDBB44B0 /* SavedAccountRow.swift in Sources */ = {isa = PBXBuildFile; fileRef = DEB58767A67FBB041AFBB6BE /* SavedAccountRow.swift */; };
		0C31F69C758A45081BC01F5B /* AccountStore.swift in Sources */ = {isa = PBXBuildFile; fileRef = D1CE1BFC639981D82556414E /* AccountStore.swift */; };
		20FB201183B5FD920B63B89A /* SettingsView.swift in Sources */ = {isa = PBXBuildFile; fileRef = 0CD392DA631F2FE8EA1CC711 /* SettingsView.swift */; };
		294F92DF731D4DB45750FD6B /* CurrentAccountSection.swift in Sources */ = {isa = PBXBuildFile; fileRef = F757AD52C163C4C64C211B6F /* CurrentAccountSection.swift */; };
		336FC07C956D9171B93CEB68 /* Strings.swift in Sources */ = {isa = PBXBuildFile; fileRef = DAAE74E21A4A0DD9267D17FA /* Strings.swift */; };
		37A898436F875E2F60003EF2 /* KeychainService.swift in Sources */ = {isa = PBXBuildFile; fileRef = 32B0C9DD6F38CB39F466EF68 /* KeychainService.swift */; };
		4A964CBF68DCE140DD87F648 /* AppIntents.framework in Frameworks */ = {isa = PBXBuildFile; fileRef = 29F6508F5B407BB903334B7D /* AppIntents.framework */; };
		4B8FD553C51784C890A54CDA /* CodexAppServer.swift in Sources */ = {isa = PBXBuildFile; fileRef = 876FF63AFCC3866C32525895 /* CodexAppServer.swift */; };
		5618409B79EAA3CE5CE109DB /* LoginFlowSheet.swift in Sources */ = {isa = PBXBuildFile; fileRef = 766FA1AC74D79C66D2880786 /* LoginFlowSheet.swift */; };
		5D15748024810D0080E90919 /* AppIcon.icns in Resources */ = {isa = PBXBuildFile; fileRef = 9EBA3E8DAB9F40A18891C83E /* AppIcon.icns */; };
		62D99A775ECAC2130945D42B /* Preferences.swift in Sources */ = {isa = PBXBuildFile; fileRef = 4ADCD7C4566F769814CDE0E5 /* Preferences.swift */; };
		7ACA221CB55B89B6AB4ABE60 /* JWTDecoder.swift in Sources */ = {isa = PBXBuildFile; fileRef = CE15DAF379175732B67F94D5 /* JWTDecoder.swift */; };
		8276B652883431167D44779F /* MenuBarView.swift in Sources */ = {isa = PBXBuildFile; fileRef = 10390C86025CBBB0E6102EC4 /* MenuBarView.swift */; };
		9BD5975142EDE19343CEC0FC /* UsageProbe.swift in Sources */ = {isa = PBXBuildFile; fileRef = 411AC567ED37A32F906734D8 /* UsageProbe.swift */; };
		A01850E82E6B3A56357C00AC /* CXSwitchApp.swift in Sources */ = {isa = PBXBuildFile; fileRef = 5591D0C798A3CB22BE319F55 /* CXSwitchApp.swift */; };
		A15E6D09CE123A1536EB5764 /* FooterActions.swift in Sources */ = {isa = PBXBuildFile; fileRef = DBB4ED18F8CA7C98792A019C /* FooterActions.swift */; };
		A850EDA33BED941E6671D85F /* UsageBar.swift in Sources */ = {isa = PBXBuildFile; fileRef = 3DAA8078DD8D990A411676A5 /* UsageBar.swift */; };
		AFBB66005A8D7E10D637289F /* EmailMasker.swift in Sources */ = {isa = PBXBuildFile; fileRef = 3F5FB4ED037AB2EC06B0CF71 /* EmailMasker.swift */; };
		B24803D651418ECABFB063CE /* AppState.swift in Sources */ = {isa = PBXBuildFile; fileRef = F59C81A6508AEAFA7E9C4551 /* AppState.swift */; };
		CE47E11104179B39ED465D36 /* AuthBlob.swift in Sources */ = {isa = PBXBuildFile; fileRef = D5D9AA741A0C3FCC729759D9 /* AuthBlob.swift */; };
		E502F4968D2EDFD7B41636E9 /* Account.swift in Sources */ = {isa = PBXBuildFile; fileRef = 63267516E4E9B86D756E9B51 /* Account.swift */; };
		EDCB07CC2755C34DBF23DF23 /* AuthService.swift in Sources */ = {isa = PBXBuildFile; fileRef = BAC296DBD94E574A73143E23 /* AuthService.swift */; };
		F27BAD18D8D0C6FFBB2AE55D /* UsageSnapshot.swift in Sources */ = {isa = PBXBuildFile; fileRef = 124FF18B0AD07A485C5DE81A /* UsageSnapshot.swift */; };
		F8AA46C28AA60C1A538B6E2C /* Cocoa.framework in Frameworks */ = {isa = PBXBuildFile; fileRef = 04FC631446BF6B0EADBE1A76 /* Cocoa.framework */; };
		FDB18E64755C16395BB98CA6 /* LoginFlowState.swift in Sources */ = {isa = PBXBuildFile; fileRef = E55C66E640E7522B4F3E5317 /* LoginFlowState.swift */; };
/* End PBXBuildFile section */

/* Begin PBXFileReference section */
		04FC631446BF6B0EADBE1A76 /* Cocoa.framework */ = {isa = PBXFileReference; lastKnownFileType = wrapper.framework; name = Cocoa.framework; path = Platforms/MacOSX.platform/Developer/SDKs/MacOSX15.0.sdk/System/Library/Frameworks/Cocoa.framework; sourceTree = DEVELOPER_DIR; };
		0CD392DA631F2FE8EA1CC711 /* SettingsView.swift */ = {isa = PBXFileReference; includeInIndex = 1; lastKnownFileType = sourcecode.swift; name = SettingsView.swift; path = CXSwitch/Views/SettingsView.swift; sourceTree = "<group>"; };
		10390C86025CBBB0E6102EC4 /* MenuBarView.swift */ = {isa = PBXFileReference; includeInIndex = 1; lastKnownFileType = sourcecode.swift; name = MenuBarView.swift; path = CXSwitch/Views/MenuBarView.swift; sourceTree = "<group>"; };
		124FF18B0AD07A485C5DE81A /* UsageSnapshot.swift */ = {isa = PBXFileReference; includeInIndex = 1; lastKnownFileType = sourcecode.swift; name = UsageSnapshot.swift; path = CXSwitch/Models/UsageSnapshot.swift; sourceTree = "<group>"; };
		29F6508F5B407BB903334B7D /* AppIntents.framework */ = {isa = PBXFileReference; lastKnownFileType = wrapper.framework; name = AppIntents.framework; path = System/Library/Frameworks/AppIntents.framework; sourceTree = "<group>"; };
		32B0C9DD6F38CB39F466EF68 /* KeychainService.swift */ = {isa = PBXFileReference; includeInIndex = 1; lastKnownFileType = sourcecode.swift; name = KeychainService.swift; path = CXSwitch/Services/KeychainService.swift; sourceTree = "<group>"; };
		3DAA8078DD8D990A411676A5 /* UsageBar.swift */ = {isa = PBXFileReference; includeInIndex = 1; lastKnownFileType = sourcecode.swift; name = UsageBar.swift; path = CXSwitch/Views/UsageBar.swift; sourceTree = "<group>"; };
		3DC93D675CFC77A0F71E1FEA /* CXSwitch.app */ = {isa = PBXFileReference; explicitFileType = wrapper.application; includeInIndex = 0; path = CXSwitch.app; sourceTree = BUILT_PRODUCTS_DIR; };
		3F5FB4ED037AB2EC06B0CF71 /* EmailMasker.swift */ = {isa = PBXFileReference; includeInIndex = 1; lastKnownFileType = sourcecode.swift; name = EmailMasker.swift; path = CXSwitch/Utilities/EmailMasker.swift; sourceTree = "<group>"; };
		411AC567ED37A32F906734D8 /* UsageProbe.swift */ = {isa = PBXFileReference; includeInIndex = 1; lastKnownFileType = sourcecode.swift; name = UsageProbe.swift; path = CXSwitch/Services/UsageProbe.swift; sourceTree = "<group>"; };
		4ADCD7C4566F769814CDE0E5 /* Preferences.swift */ = {isa = PBXFileReference; includeInIndex = 1; lastKnownFileType = sourcecode.swift; name = Preferences.swift; path = CXSwitch/Models/Preferences.swift; sourceTree = "<group>"; };
		5591D0C798A3CB22BE319F55 /* CXSwitchApp.swift */ = {isa = PBXFileReference; includeInIndex = 1; lastKnownFileType = sourcecode.swift; name = CXSwitchApp.swift; path = CXSwitch/CXSwitchApp.swift; sourceTree = "<group>"; };
		63267516E4E9B86D756E9B51 /* Account.swift */ = {isa = PBXFileReference; includeInIndex = 1; lastKnownFileType = sourcecode.swift; name = Account.swift; path = CXSwitch/Models/Account.swift; sourceTree = "<group>"; };
		766FA1AC74D79C66D2880786 /* LoginFlowSheet.swift */ = {isa = PBXFileReference; includeInIndex = 1; lastKnownFileType = sourcecode.swift; name = LoginFlowSheet.swift; path = CXSwitch/Views/LoginFlowSheet.swift; sourceTree = "<group>"; };
		876FF63AFCC3866C32525895 /* CodexAppServer.swift */ = {isa = PBXFileReference; includeInIndex = 1; lastKnownFileType = sourcecode.swift; name = CodexAppServer.swift; path = CXSwitch/Services/CodexAppServer.swift; sourceTree = "<group>"; };
		9EBA3E8DAB9F40A18891C83E /* AppIcon.icns */ = {isa = PBXFileReference; includeInIndex = 1; name = AppIcon.icns; path = CXSwitch/Resources/AppIcon.icns; sourceTree = "<group>"; };
		BAC296DBD94E574A73143E23 /* AuthService.swift */ = {isa = PBXFileReference; includeInIndex = 1; lastKnownFileType = sourcecode.swift; name = AuthService.swift; path = CXSwitch/Services/AuthService.swift; sourceTree = "<group>"; };
		CE15DAF379175732B67F94D5 /* JWTDecoder.swift */ = {isa = PBXFileReference; includeInIndex = 1; lastKnownFileType = sourcecode.swift; name = JWTDecoder.swift; path = CXSwitch/Utilities/JWTDecoder.swift; sourceTree = "<group>"; };
		D1CE1BFC639981D82556414E /* AccountStore.swift */ = {isa = PBXFileReference; includeInIndex = 1; lastKnownFileType = sourcecode.swift; name = AccountStore.swift; path = CXSwitch/Services/AccountStore.swift; sourceTree = "<group>"; };
		D5D9AA741A0C3FCC729759D9 /* AuthBlob.swift */ = {isa = PBXFileReference; includeInIndex = 1; lastKnownFileType = sourcecode.swift; name = AuthBlob.swift; path = CXSwitch/Models/AuthBlob.swift; sourceTree = "<group>"; };
		DAAE74E21A4A0DD9267D17FA /* Strings.swift */ = {isa = PBXFileReference; includeInIndex = 1; lastKnownFileType = sourcecode.swift; name = Strings.swift; path = CXSwitch/Utilities/Strings.swift; sourceTree = "<group>"; };
		DBB4ED18F8CA7C98792A019C /* FooterActions.swift */ = {isa = PBXFileReference; includeInIndex = 1; lastKnownFileType = sourcecode.swift; name = FooterActions.swift; path = CXSwitch/Views/FooterActions.swift; sourceTree = "<group>"; };
		DEB58767A67FBB041AFBB6BE /* SavedAccountRow.swift */ = {isa = PBXFileReference; includeInIndex = 1; lastKnownFileType = sourcecode.swift; name = SavedAccountRow.swift; path = CXSwitch/Views/SavedAccountRow.swift; sourceTree = "<group>"; };
		E55C66E640E7522B4F3E5317 /* LoginFlowState.swift */ = {isa = PBXFileReference; includeInIndex = 1; lastKnownFileType = sourcecode.swift; name = LoginFlowState.swift; path = CXSwitch/Models/LoginFlowState.swift; sourceTree = "<group>"; };
		F59C81A6508AEAFA7E9C4551 /* AppState.swift */ = {isa = PBXFileReference; includeInIndex = 1; lastKnownFileType = sourcecode.swift; name = AppState.swift; path = CXSwitch/Models/AppState.swift; sourceTree = "<group>"; };
		F757AD52C163C4C64C211B6F /* CurrentAccountSection.swift */ = {isa = PBXFileReference; includeInIndex = 1; lastKnownFileType = sourcecode.swift; name = CurrentAccountSection.swift; path = CXSwitch/Views/CurrentAccountSection.swift; sourceTree = "<group>"; };
/* End PBXFileReference section */

/* Begin PBXFrameworksBuildPhase section */
		1536510AF5B93AE6E18CF229 /* Frameworks */ = {
			isa = PBXFrameworksBuildPhase;
			buildActionMask = 2147483647;
			files = (
				F8AA46C28AA60C1A538B6E2C /* Cocoa.framework in Frameworks */,
				4A964CBF68DCE140DD87F648 /* AppIntents.framework in Frameworks */,
			);
			runOnlyForDeploymentPostprocessing = 0;
		};
/* End PBXFrameworksBuildPhase section */

/* Begin PBXGroup section */
		12C18862041EC5E7558D3097 /* Views */ = {
			isa = PBXGroup;
			children = (
				F757AD52C163C4C64C211B6F /* CurrentAccountSection.swift */,
				DBB4ED18F8CA7C98792A019C /* FooterActions.swift */,
				766FA1AC74D79C66D2880786 /* LoginFlowSheet.swift */,
				10390C86025CBBB0E6102EC4 /* MenuBarView.swift */,
				DEB58767A67FBB041AFBB6BE /* SavedAccountRow.swift */,
				0CD392DA631F2FE8EA1CC711 /* SettingsView.swift */,
				3DAA8078DD8D990A411676A5 /* UsageBar.swift */,
			);
			name = Views;
			sourceTree = "<group>";
		};
		1A9CD35CAF9080CF6E1B66D8 /* Models */ = {
			isa = PBXGroup;
			children = (
				63267516E4E9B86D756E9B51 /* Account.swift */,
				D5D9AA741A0C3FCC729759D9 /* AuthBlob.swift */,
				F59C81A6508AEAFA7E9C4551 /* AppState.swift */,
				E55C66E640E7522B4F3E5317 /* LoginFlowState.swift */,
				4ADCD7C4566F769814CDE0E5 /* Preferences.swift */,
				124FF18B0AD07A485C5DE81A /* UsageSnapshot.swift */,
			);
			name = Models;
			sourceTree = "<group>";
		};
		265E3CE463A24B14767EFCCF /* OS X */ = {
			isa = PBXGroup;
			children = (
				04FC631446BF6B0EADBE1A76 /* Cocoa.framework */,
			);
			name = "OS X";
			sourceTree = "<group>";
		};
		46F04390B82B7EFB83F745F6 /* Services */ = {
			isa = PBXGroup;
			children = (
				D1CE1BFC639981D82556414E /* AccountStore.swift */,
				BAC296DBD94E574A73143E23 /* AuthService.swift */,
				876FF63AFCC3866C32525895 /* CodexAppServer.swift */,
				32B0C9DD6F38CB39F466EF68 /* KeychainService.swift */,
				411AC567ED37A32F906734D8 /* UsageProbe.swift */,
			);
			name = Services;
			sourceTree = "<group>";
		};
		46F3DCBEB315A23E911BB351 /* Utilities */ = {
			isa = PBXGroup;
			children = (
				3F5FB4ED037AB2EC06B0CF71 /* EmailMasker.swift */,
				CE15DAF379175732B67F94D5 /* JWTDecoder.swift */,
				DAAE74E21A4A0DD9267D17FA /* Strings.swift */,
			);
			name = Utilities;
			sourceTree = "<group>";
		};
		5E068D014FC7D656F050DB1F /* CXSwitch */ = {
			isa = PBXGroup;
			children = (
				1A9CD35CAF9080CF6E1B66D8 /* Models */,
				46F04390B82B7EFB83F745F6 /* Services */,
				46F3DCBEB315A23E911BB351 /* Utilities */,
				12C18862041EC5E7558D3097 /* Views */,
				F7E1EDE28F37397116789419 /* Resources */,
				5591D0C798A3CB22BE319F55 /* CXSwitchApp.swift */,
			);
			name = CXSwitch;
			sourceTree = "<group>";
		};
		82403D653AED544BB1B8EF6A /* Products */ = {
			isa = PBXGroup;
			children = (
				3DC93D675CFC77A0F71E1FEA /* CXSwitch.app */,
			);
			name = Products;
			sourceTree = "<group>";
		};
		D1C02C21F3CB09395A1E43F8 /* Frameworks */ = {
			isa = PBXGroup;
			children = (
				265E3CE463A24B14767EFCCF /* OS X */,
				29F6508F5B407BB903334B7D /* AppIntents.framework */,
			);
			name = Frameworks;
			sourceTree = "<group>";
		};
		EC197A252C8A117141151A31 = {
			isa = PBXGroup;
			children = (
				82403D653AED544BB1B8EF6A /* Products */,
				D1C02C21F3CB09395A1E43F8 /* Frameworks */,
				5E068D014FC7D656F050DB1F /* CXSwitch */,
			);
			sourceTree = "<group>";
		};
		F7E1EDE28F37397116789419 /* Resources */ = {
			isa = PBXGroup;
			children = (
				9EBA3E8DAB9F40A18891C83E /* AppIcon.icns */,
			);
			name = Resources;
			sourceTree = "<group>";
		};
/* End PBXGroup section */

/* Begin PBXNativeTarget section */
		BDCD0DDE7BEBD1B04A883141 /* CXSwitch */ = {
			isa = PBXNativeTarget;
			buildConfigurationList = A438DF11D9468E12E8E0A923 /* Build configuration list for PBXNativeTarget "CXSwitch" */;
			buildPhases = (
				BA1826235BA95ACA23EFD493 /* Sources */,
				1536510AF5B93AE6E18CF229 /* Frameworks */,
				9BEEB43BCCAD1DA3647AFFB5 /* Resources */,
			);
			buildRules = (
			);
			dependencies = (
			);
			name = CXSwitch;
			productName = CXSwitch;
			productReference = 3DC93D675CFC77A0F71E1FEA /* CXSwitch.app */;
			productType = "com.apple.product-type.application";
		};
/* End PBXNativeTarget section */

/* Begin PBXProject section */
		BF9E39B80D454B530F57D471 /* Project object */ = {
			isa = PBXProject;
			attributes = {
				LastSwiftUpdateCheck = 1600;
				LastUpgradeCheck = 1600;
			};
			buildConfigurationList = 3DF3FB40EA32CD4ACA8EAE54 /* Build configuration list for PBXProject "CXSwitch" */;
			compatibilityVersion = "Xcode 3.2";
			developmentRegion = en;
			hasScannedForEncodings = 0;
			knownRegions = (
				en,
				Base,
			);
			mainGroup = EC197A252C8A117141151A31;
			minimizedProjectReferenceProxies = 0;
			preferredProjectObjectVersion = 77;
			productRefGroup = 82403D653AED544BB1B8EF6A /* Products */;
			projectDirPath = "";
			projectRoot = "";
			targets = (
				BDCD0DDE7BEBD1B04A883141 /* CXSwitch */,
			);
		};
/* End PBXProject section */

/* Begin PBXResourcesBuildPhase section */
		9BEEB43BCCAD1DA3647AFFB5 /* Resources */ = {
			isa = PBXResourcesBuildPhase;
			buildActionMask = 2147483647;
			files = (
				5D15748024810D0080E90919 /* AppIcon.icns in Resources */,
			);
			runOnlyForDeploymentPostprocessing = 0;
		};
/* End PBXResourcesBuildPhase section */

/* Begin PBXSourcesBuildPhase section */
		BA1826235BA95ACA23EFD493 /* Sources */ = {
			isa = PBXSourcesBuildPhase;
			buildActionMask = 2147483647;
			files = (
				A01850E82E6B3A56357C00AC /* CXSwitchApp.swift in Sources */,
				E502F4968D2EDFD7B41636E9 /* Account.swift in Sources */,
				CE47E11104179B39ED465D36 /* AuthBlob.swift in Sources */,
				B24803D651418ECABFB063CE /* AppState.swift in Sources */,
				FDB18E64755C16395BB98CA6 /* LoginFlowState.swift in Sources */,
				62D99A775ECAC2130945D42B /* Preferences.swift in Sources */,
				F27BAD18D8D0C6FFBB2AE55D /* UsageSnapshot.swift in Sources */,
				0C31F69C758A45081BC01F5B /* AccountStore.swift in Sources */,
				EDCB07CC2755C34DBF23DF23 /* AuthService.swift in Sources */,
				4B8FD553C51784C890A54CDA /* CodexAppServer.swift in Sources */,
				37A898436F875E2F60003EF2 /* KeychainService.swift in Sources */,
				9BD5975142EDE19343CEC0FC /* UsageProbe.swift in Sources */,
				AFBB66005A8D7E10D637289F /* EmailMasker.swift in Sources */,
				7ACA221CB55B89B6AB4ABE60 /* JWTDecoder.swift in Sources */,
				336FC07C956D9171B93CEB68 /* Strings.swift in Sources */,
				294F92DF731D4DB45750FD6B /* CurrentAccountSection.swift in Sources */,
				A15E6D09CE123A1536EB5764 /* FooterActions.swift in Sources */,
				5618409B79EAA3CE5CE109DB /* LoginFlowSheet.swift in Sources */,
				8276B652883431167D44779F /* MenuBarView.swift in Sources */,
				03A5584D37D17CE6DDBB44B0 /* SavedAccountRow.swift in Sources */,
				20FB201183B5FD920B63B89A /* SettingsView.swift in Sources */,
				A850EDA33BED941E6671D85F /* UsageBar.swift in Sources */,
			);
			runOnlyForDeploymentPostprocessing = 0;
		};
/* End PBXSourcesBuildPhase section */

/* Begin XCBuildConfiguration section */
		810FD423D04A420CE1A72E22 /* Release */ = {
			isa = XCBuildConfiguration;
			buildSettings = {
				ASSETCATALOG_COMPILER_APPICON_NAME = AppIcon;
				ASSETCATALOG_COMPILER_GLOBAL_ACCENT_COLOR_NAME = AccentColor;
				CODE_SIGNING_ALLOWED = NO;
				CODE_SIGNING_REQUIRED = NO;
				CODE_SIGN_STYLE = Manual;
				COMBINE_HIDPI_IMAGES = YES;
				CURRENT_PROJECT_VERSION = 1;
				DEVELOPMENT_TEAM = "";
				GENERATE_INFOPLIST_FILE = NO;
				INFOPLIST_FILE = CXSwitch/Resources/Info.plist;
				LD_RUNPATH_SEARCH_PATHS = "$(inherited) @executable_path/../Frameworks";
				MACOSX_DEPLOYMENT_TARGET = 14.0;
				MARKETING_VERSION = 0.1.0;
				ONLY_ACTIVE_ARCH = NO;
				PRODUCT_BUNDLE_IDENTIFIER = "com.novainfra.cx-switch";
				PRODUCT_NAME = CXSwitch;
				SDKROOT = macosx;
				SWIFT_VERSION = 6.0;
			};
			name = Release;
		};
		9EF98D1EE1A05B07EE9AFD9B /* Debug */ = {
			isa = XCBuildConfiguration;
			buildSettings = {
				ALWAYS_SEARCH_USER_PATHS = NO;
				CLANG_ANALYZER_NONNULL = YES;
				CLANG_ANALYZER_NUMBER_OBJECT_CONVERSION = YES_AGGRESSIVE;
				CLANG_CXX_LANGUAGE_STANDARD = "gnu++14";
				CLANG_CXX_LIBRARY = "libc++";
				CLANG_ENABLE_MODULES = YES;
				CLANG_ENABLE_OBJC_ARC = YES;
				CLANG_ENABLE_OBJC_WEAK = YES;
				CLANG_WARN_BLOCK_CAPTURE_AUTORELEASING = YES;
				CLANG_WARN_BOOL_CONVERSION = YES;
				CLANG_WARN_COMMA = YES;
				CLANG_WARN_CONSTANT_CONVERSION = YES;
				CLANG_WARN_DEPRECATED_OBJC_IMPLEMENTATIONS = YES;
				CLANG_WARN_DIRECT_OBJC_ISA_USAGE = YES_ERROR;
				CLANG_WARN_DOCUMENTATION_COMMENTS = YES;
				CLANG_WARN_EMPTY_BODY = YES;
				CLANG_WARN_ENUM_CONVERSION = YES;
				CLANG_WARN_INFINITE_RECURSION = YES;
				CLANG_WARN_INT_CONVERSION = YES;
				CLANG_WARN_NON_LITERAL_NULL_CONVERSION = YES;
				CLANG_WARN_OBJC_IMPLICIT_RETAIN_SELF = YES;
				CLANG_WARN_OBJC_LITERAL_CONVERSION = YES;
				CLANG_WARN_OBJC_ROOT_CLASS = YES_ERROR;
				CLANG_WARN_QUOTED_INCLUDE_IN_FRAMEWORK_HEADER = YES;
				CLANG_WARN_RANGE_LOOP_ANALYSIS = YES;
				CLANG_WARN_STRICT_PROTOTYPES = YES;
				CLANG_WARN_SUSPICIOUS_MOVE = YES;
				CLANG_WARN_UNGUARDED_AVAILABILITY = YES_AGGRESSIVE;
				CLANG_WARN_UNREACHABLE_CODE = YES;
				CLANG_WARN__DUPLICATE_METHOD_MATCH = YES;
				COPY_PHASE_STRIP = NO;
				DEBUG_INFORMATION_FORMAT = dwarf;
				ENABLE_STRICT_OBJC_MSGSEND = YES;
				ENABLE_TESTABILITY = YES;
				GCC_C_LANGUAGE_STANDARD = gnu11;
				GCC_DYNAMIC_NO_PIC = NO;
				GCC_NO_COMMON_BLOCKS = YES;
				GCC_OPTIMIZATION_LEVEL = 0;
				GCC_PREPROCESSOR_DEFINITIONS = (
					"DEBUG=1",
					"$(inherited)",
				);
				GCC_WARN_64_TO_32_BIT_CONVERSION = YES;
				GCC_WARN_ABOUT_RETURN_TYPE = YES_ERROR;
				GCC_WARN_UNDECLARED_SELECTOR = YES;
				GCC_WARN_UNINITIALIZED_AUTOS = YES_AGGRESSIVE;
				GCC_WARN_UNUSED_FUNCTION = YES;
				GCC_WARN_UNUSED_VARIABLE = YES;
				MTL_ENABLE_DEBUG_INFO = INCLUDE_SOURCE;
				MTL_FAST_MATH = YES;
				ONLY_ACTIVE_ARCH = YES;
				PRODUCT_NAME = "$(TARGET_NAME)";
				SWIFT_ACTIVE_COMPILATION_CONDITIONS = DEBUG;
				SWIFT_OPTIMIZATION_LEVEL = "-Onone";
				SWIFT_VERSION = 5.0;
			};
			name = Debug;
		};
		C21FA0B4DB5094F9718B4E9F /* Debug */ = {
			isa = XCBuildConfiguration;
			buildSettings = {
				ASSETCATALOG_COMPILER_APPICON_NAME = AppIcon;
				ASSETCATALOG_COMPILER_GLOBAL_ACCENT_COLOR_NAME = AccentColor;
				CODE_SIGNING_ALLOWED = NO;
				CODE_SIGNING_REQUIRED = NO;
				CODE_SIGN_STYLE = Manual;
				COMBINE_HIDPI_IMAGES = YES;
				CURRENT_PROJECT_VERSION = 1;
				DEVELOPMENT_TEAM = "";
				GENERATE_INFOPLIST_FILE = NO;
				INFOPLIST_FILE = CXSwitch/Resources/Info.plist;
				LD_RUNPATH_SEARCH_PATHS = "$(inherited) @executable_path/../Frameworks";
				MACOSX_DEPLOYMENT_TARGET = 14.0;
				MARKETING_VERSION = 0.1.0;
				ONLY_ACTIVE_ARCH = NO;
				PRODUCT_BUNDLE_IDENTIFIER = "com.novainfra.cx-switch";
				PRODUCT_NAME = CXSwitch;
				SDKROOT = macosx;
				SWIFT_VERSION = 6.0;
			};
			name = Debug;
		};
		F8174EC9A8DD2863A0569B62 /* Release */ = {
			isa = XCBuildConfiguration;
			buildSettings = {
				ALWAYS_SEARCH_USER_PATHS = NO;
				CLANG_ANALYZER_NONNULL = YES;
				CLANG_ANALYZER_NUMBER_OBJECT_CONVERSION = YES_AGGRESSIVE;
				CLANG_CXX_LANGUAGE_STANDARD = "gnu++14";
				CLANG_CXX_LIBRARY = "libc++";
				CLANG_ENABLE_MODULES = YES;
				CLANG_ENABLE_OBJC_ARC = YES;
				CLANG_ENABLE_OBJC_WEAK = YES;
				CLANG_WARN_BLOCK_CAPTURE_AUTORELEASING = YES;
				CLANG_WARN_BOOL_CONVERSION = YES;
				CLANG_WARN_COMMA = YES;
				CLANG_WARN_CONSTANT_CONVERSION = YES;
				CLANG_WARN_DEPRECATED_OBJC_IMPLEMENTATIONS = YES;
				CLANG_WARN_DIRECT_OBJC_ISA_USAGE = YES_ERROR;
				CLANG_WARN_DOCUMENTATION_COMMENTS = YES;
				CLANG_WARN_EMPTY_BODY = YES;
				CLANG_WARN_ENUM_CONVERSION = YES;
				CLANG_WARN_INFINITE_RECURSION = YES;
				CLANG_WARN_INT_CONVERSION = YES;
				CLANG_WARN_NON_LITERAL_NULL_CONVERSION = YES;
				CLANG_WARN_OBJC_IMPLICIT_RETAIN_SELF = YES;
				CLANG_WARN_OBJC_LITERAL_CONVERSION = YES;
				CLANG_WARN_OBJC_ROOT_CLASS = YES_ERROR;
				CLANG_WARN_QUOTED_INCLUDE_IN_FRAMEWORK_HEADER = YES;
				CLANG_WARN_RANGE_LOOP_ANALYSIS = YES;
				CLANG_WARN_STRICT_PROTOTYPES = YES;
				CLANG_WARN_SUSPICIOUS_MOVE = YES;
				CLANG_WARN_UNGUARDED_AVAILABILITY = YES_AGGRESSIVE;
				CLANG_WARN_UNREACHABLE_CODE = YES;
				CLANG_WARN__DUPLICATE_METHOD_MATCH = YES;
				COPY_PHASE_STRIP = NO;
				DEBUG_INFORMATION_FORMAT = "dwarf-with-dsym";
				ENABLE_NS_ASSERTIONS = NO;
				ENABLE_STRICT_OBJC_MSGSEND = YES;
				GCC_C_LANGUAGE_STANDARD = gnu11;
				GCC_NO_COMMON_BLOCKS = YES;
				GCC_WARN_64_TO_32_BIT_CONVERSION = YES;
				GCC_WARN_ABOUT_RETURN_TYPE = YES_ERROR;
				GCC_WARN_UNDECLARED_SELECTOR = YES;
				GCC_WARN_UNINITIALIZED_AUTOS = YES_AGGRESSIVE;
				GCC_WARN_UNUSED_FUNCTION = YES;
				GCC_WARN_UNUSED_VARIABLE = YES;
				MTL_ENABLE_DEBUG_INFO = NO;
				MTL_FAST_MATH = YES;
				PRODUCT_NAME = "$(TARGET_NAME)";
				SWIFT_COMPILATION_MODE = wholemodule;
				SWIFT_OPTIMIZATION_LEVEL = "-O";
				SWIFT_VERSION = 5.0;
			};
			name = Release;
		};
/* End XCBuildConfiguration section */

/* Begin XCConfigurationList section */
		3DF3FB40EA32CD4ACA8EAE54 /* Build configuration list for PBXProject "CXSwitch" */ = {
			isa = XCConfigurationList;
			buildConfigurations = (
				9EF98D1EE1A05B07EE9AFD9B /* Debug */,
				F8174EC9A8DD2863A0569B62 /* Release */,
			);
			defaultConfigurationIsVisible = 0;
			defaultConfigurationName = Release;
		};
		A438DF11D9468E12E8E0A923 /* Build configuration list for PBXNativeTarget "CXSwitch" */ = {
			isa = XCConfigurationList;
			buildConfigurations = (
				810FD423D04A420CE1A72E22 /* Release */,
				C21FA0B4DB5094F9718B4E9F /* Debug */,
			);
			defaultConfigurationIsVisible = 0;
			defaultConfigurationName = Release;
		};
/* End XCConfigurationList section */
	};
	rootObject = BF9E39B80D454B530F57D471 /* Project object */;
}
